// !$*UTF8*$!
{
	archiveVersion = 1;
	classes = {
	};
	objectVersion = 54;
	objects = {

/* Begin PBXAggregateTarget section */
		2BA2E86B14494E2A92965AC0 /* ZERO_CHECK */ = {
			isa = PBXAggregateTarget;
			buildConfigurationList = 89C1FF204E0D4BC58EAC20CC /* Build configuration list for PBXAggregateTarget "ZERO_CHECK" */;
			buildPhases = (
				15C41CD4ADAB81BCE6DF3D34 /* Generate CMakeFiles/ZERO_CHECK */,
			);
			dependencies = (
			);
			name = ZERO_CHECK;
			productName = ZERO_CHECK;
		};
		32EB4E0F68114DA3B569A00F /* ALL_BUILD */ = {
			isa = PBXAggregateTarget;
			buildConfigurationList = 638473DF7C1B4011B615D00A /* Build configuration list for PBXAggregateTarget "ALL_BUILD" */;
			buildPhases = (
				372148187067732954E19098 /* Generate CMakeFiles/ALL_BUILD */,
			);
			dependencies = (
				88F7AEC4A4AF4B22B728BD35 /* PBXTargetDependency */,
				AD0721CB8A7940ACA2057145 /* PBXTargetDependency */,
				BC438ECF826D454DBF6CB26C /* PBXTargetDependency */,
				15CE13C6FB5544E297DC82A2 /* PBXTargetDependency */,
			);
			name = ALL_BUILD;
			productName = ALL_BUILD;
		};
/* End PBXAggregateTarget section */

/* Begin PBXBuildFile section */
		0E96B7CFE40D462DA3055F5F /* main.cpp in Sources */ = {isa = PBXBuildFile; fileRef = DEB46D9F18EA497B827311D0 /* main.cpp */; };
		291FA56EB8814F1985A86412 /* studentTests.cpp in Sources */ = {isa = PBXBuildFile; fileRef = 5C7C437AC37B4BA7A555793E /* studentTests.cpp */; };
		2FD6CDED612D47549DC78F2F /* Catch.cpp in Sources */ = {isa = PBXBuildFile; fileRef = E399E52E177B49A9B724A503 /* Catch.cpp */; };
		3D85C5D4297A55CF009A7B60 /* cypher.cpp in Sources */ = {isa = PBXBuildFile; fileRef = 11D7A66156264B58ADEE5D4E /* cypher.cpp */; };
		43C56E9DEAC24C428D5109BC /* cypher.cpp in Sources */ = {isa = PBXBuildFile; fileRef = 11D7A66156264B58ADEE5D4E /* cypher.cpp */; };
		88535BAE5AF34C70BFAC3100 /* fileio.cpp in Sources */ = {isa = PBXBuildFile; fileRef = ED9B78F50172448A9EDEA2E6 /* fileio.cpp */; };
/* End PBXBuildFile section */

/* Begin PBXContainerItemProxy section */
		1E7E24620A1E485D9F325631 /* PBXContainerItemProxy */ = {
			isa = PBXContainerItemProxy;
			containerPortal = 1FDABE7C526F4146A53E18DD /* Project object */;
			proxyType = 1;
			remoteGlobalIDString = A54ED7BA2F594BEB8ECEFF14;
			remoteInfo = main;
		};
		38885095BC36489DA96DCCCF /* PBXContainerItemProxy */ = {
			isa = PBXContainerItemProxy;
			containerPortal = 1FDABE7C526F4146A53E18DD /* Project object */;
			proxyType = 1;
			remoteGlobalIDString = 2BA2E86B14494E2A92965AC0;
			remoteInfo = ZERO_CHECK;
		};
		64987240ABB1463980E025C1 /* PBXContainerItemProxy */ = {
			isa = PBXContainerItemProxy;
			containerPortal = 1FDABE7C526F4146A53E18DD /* Project object */;
			proxyType = 1;
			remoteGlobalIDString = 08007D5E53D442748F23AC9E;
			remoteInfo = src;
		};
		6A7B481C513B4F0D90F0F7ED /* PBXContainerItemProxy */ = {
			isa = PBXContainerItemProxy;
			containerPortal = 1FDABE7C526F4146A53E18DD /* Project object */;
			proxyType = 1;
			remoteGlobalIDString = 08007D5E53D442748F23AC9E;
			remoteInfo = src;
		};
		A8646FBACAB44E87A2E54E0C /* PBXContainerItemProxy */ = {
			isa = PBXContainerItemProxy;
			containerPortal = 1FDABE7C526F4146A53E18DD /* Project object */;
			proxyType = 1;
			remoteGlobalIDString = 2BA2E86B14494E2A92965AC0;
			remoteInfo = ZERO_CHECK;
		};
		AB901259DA2B4D1685EA7157 /* PBXContainerItemProxy */ = {
			isa = PBXContainerItemProxy;
			containerPortal = 1FDABE7C526F4146A53E18DD /* Project object */;
			proxyType = 1;
			remoteGlobalIDString = 2BA2E86B14494E2A92965AC0;
			remoteInfo = ZERO_CHECK;
		};
		D754503958B14E298CA4E0F4 /* PBXContainerItemProxy */ = {
			isa = PBXContainerItemProxy;
			containerPortal = 1FDABE7C526F4146A53E18DD /* Project object */;
			proxyType = 1;
			remoteGlobalIDString = 4EF505EF084F45249A8229FC;
			remoteInfo = tests;
		};
		E337345929DA437FB5CB4A08 /* PBXContainerItemProxy */ = {
			isa = PBXContainerItemProxy;
			containerPortal = 1FDABE7C526F4146A53E18DD /* Project object */;
			proxyType = 1;
			remoteGlobalIDString = 08007D5E53D442748F23AC9E;
			remoteInfo = src;
		};
		E6353E09255845BE8646AA93 /* PBXContainerItemProxy */ = {
			isa = PBXContainerItemProxy;
			containerPortal = 1FDABE7C526F4146A53E18DD /* Project object */;
			proxyType = 1;
			remoteGlobalIDString = 2BA2E86B14494E2A92965AC0;
			remoteInfo = ZERO_CHECK;
		};
/* End PBXContainerItemProxy section */

/* Begin PBXFileReference section */
		0FBE390FCD1D41D6BA9140E6 /* tests */ = {isa = PBXFileReference; explicitFileType = "compiled.mach-o.executable"; path = tests; sourceTree = BUILT_PRODUCTS_DIR; };
		11D7A66156264B58ADEE5D4E /* cypher.cpp */ = {isa = PBXFileReference; explicitFileType = sourcecode.cpp.cpp; fileEncoding = 4; name = cypher.cpp; path = src/cypher.cpp; sourceTree = SOURCE_ROOT; };
		37F40E70A95F456DB9E37518 /* CMakeLists.txt */ = {isa = PBXFileReference; explicitFileType = sourcecode.text; fileEncoding = 4; lastKnownFileType = text; name = CMakeLists.txt; path = src/CMakeLists.txt; sourceTree = SOURCE_ROOT; };
		47FEB9B2DB2D4363A124FED7 /* fileio.h */ = {isa = PBXFileReference; explicitFileType = sourcecode.c.h; fileEncoding = 4; name = fileio.h; path = src/fileio.h; sourceTree = SOURCE_ROOT; };
		4D54758C34CA473C9A7148E5 /* libsrc.a */ = {isa = PBXFileReference; explicitFileType = archive.ar; path = libsrc.a; sourceTree = BUILT_PRODUCTS_DIR; };
		5C4413CB91464BE5A5DDDC36 /* CMakeLists.txt */ = {isa = PBXFileReference; explicitFileType = sourcecode.text; fileEncoding = 4; lastKnownFileType = text; path = CMakeLists.txt; sourceTree = SOURCE_ROOT; };
		5C7C437AC37B4BA7A555793E /* studentTests.cpp */ = {isa = PBXFileReference; explicitFileType = sourcecode.cpp.cpp; fileEncoding = 4; name = studentTests.cpp; path = tests/studentTests.cpp; sourceTree = SOURCE_ROOT; };
		7EDE5E030C914EBAAA542F14 /* CMakeLists.txt */ = {isa = PBXFileReference; explicitFileType = sourcecode.text; fileEncoding = 4; lastKnownFileType = text; name = CMakeLists.txt; path = tests/CMakeLists.txt; sourceTree = SOURCE_ROOT; };
		A7E7F498A974467CA2719E06 /* main */ = {isa = PBXFileReference; explicitFileType = "compiled.mach-o.executable"; path = main; sourceTree = BUILT_PRODUCTS_DIR; };
		C7F363001E7E45A096DC2944 /* cypher.h */ = {isa = PBXFileReference; explicitFileType = sourcecode.c.h; fileEncoding = 4; name = cypher.h; path = src/cypher.h; sourceTree = SOURCE_ROOT; };
		D9F0C41415E94A2CB7480D4E /* CMakeLists.txt */ = {isa = PBXFileReference; explicitFileType = sourcecode.text; fileEncoding = 4; lastKnownFileType = text; path = CMakeLists.txt; sourceTree = SOURCE_ROOT; };
		DEB46D9F18EA497B827311D0 /* main.cpp */ = {isa = PBXFileReference; explicitFileType = sourcecode.cpp.cpp; fileEncoding = 4; path = main.cpp; sourceTree = SOURCE_ROOT; };
		E399E52E177B49A9B724A503 /* Catch.cpp */ = {isa = PBXFileReference; explicitFileType = sourcecode.cpp.cpp; fileEncoding = 4; name = Catch.cpp; path = tests/Catch.cpp; sourceTree = SOURCE_ROOT; };
		ED9B78F50172448A9EDEA2E6 /* fileio.cpp */ = {isa = PBXFileReference; explicitFileType = sourcecode.cpp.cpp; fileEncoding = 4; name = fileio.cpp; path = src/fileio.cpp; sourceTree = SOURCE_ROOT; };
/* End PBXFileReference section */

/* Begin PBXFrameworksBuildPhase section */
		27C787A71AAF4744910E984F /* Frameworks */ = {
			isa = PBXFrameworksBuildPhase;
			buildActionMask = 2147483647;
			files = (
			);
			runOnlyForDeploymentPostprocessing = 0;
		};
		65C6877A14BC4EA29C3AD522 /* Frameworks */ = {
			isa = PBXFrameworksBuildPhase;
			buildActionMask = 2147483647;
			files = (
			);
			runOnlyForDeploymentPostprocessing = 0;
		};
		752762F140454FFF89A0902D /* Frameworks */ = {
			isa = PBXFrameworksBuildPhase;
			buildActionMask = 2147483647;
			files = (
			);
			runOnlyForDeploymentPostprocessing = 0;
		};
/* End PBXFrameworksBuildPhase section */

/* Begin PBXGroup section */
		0C4B70E642E640E1BE3A51AD /* ALL_BUILD */ = {
			isa = PBXGroup;
			children = (
				58AD9B1978974554B08415F0 /* CMake Rules */,
				D9F0C41415E94A2CB7480D4E /* CMakeLists.txt */,
			);
			name = ALL_BUILD;
			sourceTree = "<group>";
		};
		2202D6640B234FFF9D453BF5 /* tests */ = {
			isa = PBXGroup;
			children = (
				9BAB700C1F494FC9BEB6FF56 /* Source Files */,
				7EDE5E030C914EBAAA542F14 /* CMakeLists.txt */,
			);
			name = tests;
			sourceTree = "<group>";
		};
		3D6BF88B9EAA4E9F98EDF41F /* src */ = {
			isa = PBXGroup;
			children = (
				7EB68DDE38AD4FC7B0A32549 /* Source Files */,
				C4B77145C71C4C29BF08CB91 /* Header Files */,
				37F40E70A95F456DB9E37518 /* CMakeLists.txt */,
			);
			name = src;
			sourceTree = "<group>";
		};
		58AD9B1978974554B08415F0 /* CMake Rules */ = {
			isa = PBXGroup;
			children = (
			);
			name = "CMake Rules";
			sourceTree = "<group>";
		};
		7EB68DDE38AD4FC7B0A32549 /* Source Files */ = {
			isa = PBXGroup;
			children = (
				11D7A66156264B58ADEE5D4E /* cypher.cpp */,
				ED9B78F50172448A9EDEA2E6 /* fileio.cpp */,
			);
			name = "Source Files";
			sourceTree = "<group>";
		};
		8FA05608756C43C2B8BD9C5E /* Frameworks */ = {
			isa = PBXGroup;
			children = (
			);
			name = Frameworks;
			sourceTree = "<group>";
		};
		9BAB700C1F494FC9BEB6FF56 /* Source Files */ = {
			isa = PBXGroup;
			children = (
				E399E52E177B49A9B724A503 /* Catch.cpp */,
				5C7C437AC37B4BA7A555793E /* studentTests.cpp */,
			);
			name = "Source Files";
			sourceTree = "<group>";
		};
		9C6F5EF802F64EE0B4605B65 = {
			isa = PBXGroup;
			children = (
				D70CF9FDBF0B43708C703A45 /* main */,
				0C4B70E642E640E1BE3A51AD /* ALL_BUILD */,
				3D6BF88B9EAA4E9F98EDF41F /* src */,
				2202D6640B234FFF9D453BF5 /* tests */,
				9EBD3310DA4F4911A87B35A9 /* Products */,
				8FA05608756C43C2B8BD9C5E /* Frameworks */,
			);
			sourceTree = "<group>";
		};
		9EBD3310DA4F4911A87B35A9 /* Products */ = {
			isa = PBXGroup;
			children = (
				A7E7F498A974467CA2719E06 /* main */,
				4D54758C34CA473C9A7148E5 /* libsrc.a */,
				0FBE390FCD1D41D6BA9140E6 /* tests */,
			);
			name = Products;
			sourceTree = "<group>";
		};
		C2CF7409E2C043E3846E64C8 /* Source Files */ = {
			isa = PBXGroup;
			children = (
				DEB46D9F18EA497B827311D0 /* main.cpp */,
			);
			name = "Source Files";
			sourceTree = "<group>";
		};
		C4B77145C71C4C29BF08CB91 /* Header Files */ = {
			isa = PBXGroup;
			children = (
				C7F363001E7E45A096DC2944 /* cypher.h */,
				47FEB9B2DB2D4363A124FED7 /* fileio.h */,
			);
			name = "Header Files";
			sourceTree = "<group>";
		};
		D70CF9FDBF0B43708C703A45 /* main */ = {
			isa = PBXGroup;
			children = (
				C2CF7409E2C043E3846E64C8 /* Source Files */,
				5C4413CB91464BE5A5DDDC36 /* CMakeLists.txt */,
			);
			name = main;
			sourceTree = "<group>";
		};
/* End PBXGroup section */

/* Begin PBXNativeTarget section */
		08007D5E53D442748F23AC9E /* src */ = {
			isa = PBXNativeTarget;
			buildConfigurationList = 8A07D65C6F37439E8E3517A3 /* Build configuration list for PBXNativeTarget "src" */;
			buildPhases = (
				EBF8818BCD854A47B27DC37C /* Sources */,
				65C6877A14BC4EA29C3AD522 /* Frameworks */,
			);
			buildRules = (
			);
			dependencies = (
				D11F224726664502AE0D3F74 /* PBXTargetDependency */,
			);
			name = src;
			productName = src;
			productReference = 4D54758C34CA473C9A7148E5 /* libsrc.a */;
			productType = "com.apple.product-type.library.static";
		};
		4EF505EF084F45249A8229FC /* tests */ = {
			isa = PBXNativeTarget;
			buildConfigurationList = 422368FB7E8A412C939B9931 /* Build configuration list for PBXNativeTarget "tests" */;
			buildPhases = (
				85098163918648C68633097F /* Sources */,
				27C787A71AAF4744910E984F /* Frameworks */,
			);
			buildRules = (
			);
			dependencies = (
				13691954C89C47AAAFB87E20 /* PBXTargetDependency */,
				F0DF398BDC514D038C72C97D /* PBXTargetDependency */,
			);
			name = tests;
			productName = tests;
			productReference = 0FBE390FCD1D41D6BA9140E6 /* tests */;
			productType = "com.apple.product-type.tool";
		};
		A54ED7BA2F594BEB8ECEFF14 /* main */ = {
			isa = PBXNativeTarget;
			buildConfigurationList = 52E18072962C40B7A253BFBE /* Build configuration list for PBXNativeTarget "main" */;
			buildPhases = (
				3272897EE7264705B709B8E8 /* Sources */,
				752762F140454FFF89A0902D /* Frameworks */,
			);
			buildRules = (
			);
			dependencies = (
				FA20BCAFA561437A9A1EA23F /* PBXTargetDependency */,
				F05E9DB8CCE840008FB10674 /* PBXTargetDependency */,
			);
			name = main;
			productName = main;
			productReference = A7E7F498A974467CA2719E06 /* main */;
			productType = "com.apple.product-type.tool";
		};
/* End PBXNativeTarget section */

/* Begin PBXProject section */
		1FDABE7C526F4146A53E18DD /* Project object */ = {
			isa = PBXProject;
			attributes = {
				LastUpgradeCheck = 1420;
			};
			buildConfigurationList = 0B9EC9EA835C4673A1C3B578 /* Build configuration list for PBXProject "HW01" */;
			compatibilityVersion = "Xcode 3.2";
			developmentRegion = en;
			hasScannedForEncodings = 0;
			knownRegions = (
				en,
				Base,
			);
			mainGroup = 9C6F5EF802F64EE0B4605B65;
			projectDirPath = "";
			projectRoot = "";
			targets = (
				32EB4E0F68114DA3B569A00F /* ALL_BUILD */,
				2BA2E86B14494E2A92965AC0 /* ZERO_CHECK */,
				A54ED7BA2F594BEB8ECEFF14 /* main */,
				08007D5E53D442748F23AC9E /* src */,
				4EF505EF084F45249A8229FC /* tests */,
			);
		};
/* End PBXProject section */

/* Begin PBXShellScriptBuildPhase section */
		15C41CD4ADAB81BCE6DF3D34 /* Generate CMakeFiles/ZERO_CHECK */ = {
			isa = PBXShellScriptBuildPhase;
			alwaysOutOfDate = 1;
			buildActionMask = 2147483647;
			files = (
			);
			inputPaths = (
			);
			name = "Generate CMakeFiles/ZERO_CHECK";
			outputPaths = (
				"/Users/michellekweon/Documents/GitHub/hw01-michellekweonn/CMakeFiles/ZERO_CHECK",
			);
			runOnlyForDeploymentPostprocessing = 0;
			shellPath = /bin/sh;
			shellScript = "set -e\nif test \"$CONFIGURATION\" = \"Debug\"; then :\n  cd /Users/michellekweon/Documents/GitHub/hw01-michellekweonn\n  make -f /Users/michellekweon/Documents/GitHub/hw01-michellekweonn/CMakeScripts/ReRunCMake.make\nfi\nif test \"$CONFIGURATION\" = \"Release\"; then :\n  cd /Users/michellekweon/Documents/GitHub/hw01-michellekweonn\n  make -f /Users/michellekweon/Documents/GitHub/hw01-michellekweonn/CMakeScripts/ReRunCMake.make\nfi\nif test \"$CONFIGURATION\" = \"MinSizeRel\"; then :\n  cd /Users/michellekweon/Documents/GitHub/hw01-michellekweonn\n  make -f /Users/michellekweon/Documents/GitHub/hw01-michellekweonn/CMakeScripts/ReRunCMake.make\nfi\nif test \"$CONFIGURATION\" = \"RelWithDebInfo\"; then :\n  cd /Users/michellekweon/Documents/GitHub/hw01-michellekweonn\n  make -f /Users/michellekweon/Documents/GitHub/hw01-michellekweonn/CMakeScripts/ReRunCMake.make\nfi\n";
			showEnvVarsInLog = 0;
		};
		372148187067732954E19098 /* Generate CMakeFiles/ALL_BUILD */ = {
			isa = PBXShellScriptBuildPhase;
			alwaysOutOfDate = 1;
			buildActionMask = 2147483647;
			files = (
			);
			inputPaths = (
			);
			name = "Generate CMakeFiles/ALL_BUILD";
			outputPaths = (
				"/Users/michellekweon/Documents/GitHub/hw01-michellekweonn/CMakeFiles/ALL_BUILD",
			);
			runOnlyForDeploymentPostprocessing = 0;
			shellPath = /bin/sh;
			shellScript = "set -e\nif test \"$CONFIGURATION\" = \"Debug\"; then :\n  cd /Users/michellekweon/Documents/GitHub/hw01-michellekweonn\n  echo Build\\ all\\ projects\nfi\nif test \"$CONFIGURATION\" = \"Release\"; then :\n  cd /Users/michellekweon/Documents/GitHub/hw01-michellekweonn\n  echo Build\\ all\\ projects\nfi\nif test \"$CONFIGURATION\" = \"MinSizeRel\"; then :\n  cd /Users/michellekweon/Documents/GitHub/hw01-michellekweonn\n  echo Build\\ all\\ projects\nfi\nif test \"$CONFIGURATION\" = \"RelWithDebInfo\"; then :\n  cd /Users/michellekweon/Documents/GitHub/hw01-michellekweonn\n  echo Build\\ all\\ projects\nfi\n";
			showEnvVarsInLog = 0;
		};
/* End PBXShellScriptBuildPhase section */

/* Begin PBXSourcesBuildPhase section */
		3272897EE7264705B709B8E8 /* Sources */ = {
			isa = PBXSourcesBuildPhase;
			buildActionMask = 2147483647;
			files = (
				3D85C5D4297A55CF009A7B60 /* cypher.cpp in Sources */,
				0E96B7CFE40D462DA3055F5F /* main.cpp in Sources */,
			);
			runOnlyForDeploymentPostprocessing = 0;
		};
		85098163918648C68633097F /* Sources */ = {
			isa = PBXSourcesBuildPhase;
			buildActionMask = 2147483647;
			files = (
				2FD6CDED612D47549DC78F2F /* Catch.cpp in Sources */,
				291FA56EB8814F1985A86412 /* studentTests.cpp in Sources */,
			);
			runOnlyForDeploymentPostprocessing = 0;
		};
		EBF8818BCD854A47B27DC37C /* Sources */ = {
			isa = PBXSourcesBuildPhase;
			buildActionMask = 2147483647;
			files = (
				43C56E9DEAC24C428D5109BC /* cypher.cpp in Sources */,
				88535BAE5AF34C70BFAC3100 /* fileio.cpp in Sources */,
			);
			runOnlyForDeploymentPostprocessing = 0;
		};
/* End PBXSourcesBuildPhase section */

/* Begin PBXTargetDependency section */
		13691954C89C47AAAFB87E20 /* PBXTargetDependency */ = {
			isa = PBXTargetDependency;
			target = 08007D5E53D442748F23AC9E /* src */;
			targetProxy = 64987240ABB1463980E025C1 /* PBXContainerItemProxy */;
		};
		15CE13C6FB5544E297DC82A2 /* PBXTargetDependency */ = {
			isa = PBXTargetDependency;
			target = 2BA2E86B14494E2A92965AC0 /* ZERO_CHECK */;
			targetProxy = A8646FBACAB44E87A2E54E0C /* PBXContainerItemProxy */;
		};
		88F7AEC4A4AF4B22B728BD35 /* PBXTargetDependency */ = {
			isa = PBXTargetDependency;
			target = A54ED7BA2F594BEB8ECEFF14 /* main */;
			targetProxy = 1E7E24620A1E485D9F325631 /* PBXContainerItemProxy */;
		};
		AD0721CB8A7940ACA2057145 /* PBXTargetDependency */ = {
			isa = PBXTargetDependency;
			target = 08007D5E53D442748F23AC9E /* src */;
			targetProxy = E337345929DA437FB5CB4A08 /* PBXContainerItemProxy */;
		};
		BC438ECF826D454DBF6CB26C /* PBXTargetDependency */ = {
			isa = PBXTargetDependency;
			target = 4EF505EF084F45249A8229FC /* tests */;
			targetProxy = D754503958B14E298CA4E0F4 /* PBXContainerItemProxy */;
		};
		D11F224726664502AE0D3F74 /* PBXTargetDependency */ = {
			isa = PBXTargetDependency;
			target = 2BA2E86B14494E2A92965AC0 /* ZERO_CHECK */;
			targetProxy = 38885095BC36489DA96DCCCF /* PBXContainerItemProxy */;
		};
		F05E9DB8CCE840008FB10674 /* PBXTargetDependency */ = {
			isa = PBXTargetDependency;
			target = 2BA2E86B14494E2A92965AC0 /* ZERO_CHECK */;
			targetProxy = AB901259DA2B4D1685EA7157 /* PBXContainerItemProxy */;
		};
		F0DF398BDC514D038C72C97D /* PBXTargetDependency */ = {
			isa = PBXTargetDependency;
			target = 2BA2E86B14494E2A92965AC0 /* ZERO_CHECK */;
			targetProxy = E6353E09255845BE8646AA93 /* PBXContainerItemProxy */;
		};
		FA20BCAFA561437A9A1EA23F /* PBXTargetDependency */ = {
			isa = PBXTargetDependency;
			target = 08007D5E53D442748F23AC9E /* src */;
			targetProxy = 6A7B481C513B4F0D90F0F7ED /* PBXContainerItemProxy */;
		};
/* End PBXTargetDependency section */

/* Begin XCBuildConfiguration section */
		2642568058A542D29884E2ED /* Release */ = {
			isa = XCBuildConfiguration;
			buildSettings = {
				ARCHS = x86_64;
				COMBINE_HIDPI_IMAGES = YES;
				CONFIGURATION_BUILD_DIR = "/Users/michellekweon/Documents/GitHub/hw01-michellekweonn/tests/Release";
				EXECUTABLE_PREFIX = "";
				EXECUTABLE_SUFFIX = "";
				GCC_GENERATE_DEBUGGING_SYMBOLS = NO;
				GCC_INLINES_ARE_PRIVATE_EXTERN = NO;
				GCC_OPTIMIZATION_LEVEL = 0;
				GCC_PREPROCESSOR_DEFINITIONS = (
					"'CMAKE_INTDIR=\"$(CONFIGURATION)$(EFFECTIVE_PLATFORM_NAME)\"'",
					"$(inherited)",
				);
				GCC_SYMBOLS_PRIVATE_EXTERN = NO;
				HEADER_SEARCH_PATHS = (
					"/Users/michellekweon/Documents/GitHub/hw01-michellekweonn/src",
					"$(inherited)",
				);
				INSTALL_PATH = "";
				ONLY_ACTIVE_ARCH = NO;
				OTHER_CPLUSPLUSFLAGS = "'-std=gnu++11' ";
				OTHER_LDFLAGS = (
					"-Wl,-search_paths_first",
					"-Wl,-headerpad_max_install_names",
					"/Users/michellekweon/Documents/GitHub/hw01-michellekweonn/src/Release/libsrc.a",
					"$(inherited)",
				);
				OTHER_REZFLAGS = "";
				PRODUCT_NAME = tests;
				SECTORDER_FLAGS = "";
				TARGET_TEMP_DIR = "/Users/michellekweon/Documents/GitHub/hw01-michellekweonn/build/tests.build/$(CONFIGURATION)$(EFFECTIVE_PLATFORM_NAME)";
				USE_HEADERMAP = NO;
				WARNING_CFLAGS = "$(inherited)";
			};
			name = Release;
		};
		2B663D618BE04A869BD1B31D /* RelWithDebInfo */ = {
			isa = XCBuildConfiguration;
			buildSettings = {
				ARCHS = arm64;
				COMBINE_HIDPI_IMAGES = YES;
				GCC_GENERATE_DEBUGGING_SYMBOLS = YES;
				GCC_INLINES_ARE_PRIVATE_EXTERN = NO;
				GCC_OPTIMIZATION_LEVEL = 0;
				GCC_PREPROCESSOR_DEFINITIONS = (
					"'CMAKE_INTDIR=\"$(CONFIGURATION)$(EFFECTIVE_PLATFORM_NAME)\"'",
					"$(inherited)",
				);
				GCC_SYMBOLS_PRIVATE_EXTERN = NO;
				INSTALL_PATH = "";
				ONLY_ACTIVE_ARCH = NO;
				OTHER_LDFLAGS = " $(inherited)";
				OTHER_REZFLAGS = "";
				PRODUCT_NAME = ALL_BUILD;
				SECTORDER_FLAGS = "";
				USE_HEADERMAP = NO;
				WARNING_CFLAGS = "$(inherited)";
			};
			name = RelWithDebInfo;
		};
		2D0847B3EA5A499395348B53 /* MinSizeRel */ = {
			isa = XCBuildConfiguration;
			buildSettings = {
				ARCHS = arm64;
				COMBINE_HIDPI_IMAGES = YES;
				GCC_GENERATE_DEBUGGING_SYMBOLS = YES;
				GCC_INLINES_ARE_PRIVATE_EXTERN = NO;
				GCC_OPTIMIZATION_LEVEL = 0;
				GCC_PREPROCESSOR_DEFINITIONS = (
					"'CMAKE_INTDIR=\"$(CONFIGURATION)$(EFFECTIVE_PLATFORM_NAME)\"'",
					"$(inherited)",
				);
				GCC_SYMBOLS_PRIVATE_EXTERN = NO;
				INSTALL_PATH = "";
				ONLY_ACTIVE_ARCH = NO;
				OTHER_LDFLAGS = " $(inherited)";
				OTHER_REZFLAGS = "";
				PRODUCT_NAME = ZERO_CHECK;
				SECTORDER_FLAGS = "";
				USE_HEADERMAP = NO;
				WARNING_CFLAGS = "$(inherited)";
			};
			name = MinSizeRel;
		};
		3BEBE88A49FB41BBBB490577 /* Debug */ = {
			isa = XCBuildConfiguration;
			buildSettings = {
				ARCHS = x86_64;
				SDKROOT = /Library/Developer/CommandLineTools/SDKs/MacOSX13.1.sdk;
				SYMROOT = "/Users/michellekweon/Documents/GitHub/hw01-michellekweonn/build";
			};
			name = Debug;
		};
		45913CB8F17F49C19DC24A43 /* Debug */ = {
			isa = XCBuildConfiguration;
			buildSettings = {
				ARCHS = x86_64;
				COMBINE_HIDPI_IMAGES = YES;
				CONFIGURATION_BUILD_DIR = "/Users/michellekweon/Documents/GitHub/hw01-michellekweonn/src/Debug";
				EXECUTABLE_PREFIX = lib;
				EXECUTABLE_SUFFIX = .a;
				GCC_GENERATE_DEBUGGING_SYMBOLS = NO;
				GCC_INLINES_ARE_PRIVATE_EXTERN = NO;
				GCC_OPTIMIZATION_LEVEL = 0;
				GCC_PREPROCESSOR_DEFINITIONS = (
					"'CMAKE_INTDIR=\"$(CONFIGURATION)$(EFFECTIVE_PLATFORM_NAME)\"'",
					"$(inherited)",
				);
				GCC_SYMBOLS_PRIVATE_EXTERN = NO;
				HEADER_SEARCH_PATHS = (
					"/Users/michellekweon/Documents/GitHub/hw01-michellekweonn/src",
					"$(inherited)",
				);
				INSTALL_PATH = "";
				LIBRARY_STYLE = STATIC;
				ONLY_ACTIVE_ARCH = NO;
				OTHER_CPLUSPLUSFLAGS = "'-std=gnu++11' ";
				OTHER_LIBTOOLFLAGS = "";
				OTHER_REZFLAGS = "";
				PRODUCT_NAME = src;
				SECTORDER_FLAGS = "";
				TARGET_TEMP_DIR = "/Users/michellekweon/Documents/GitHub/hw01-michellekweonn/build/src.build/$(CONFIGURATION)$(EFFECTIVE_PLATFORM_NAME)";
				USE_HEADERMAP = NO;
				WARNING_CFLAGS = "$(inherited)";
			};
			name = Debug;
		};
		50F9249B2EBC4DDDAF98F31C /* Debug */ = {
			isa = XCBuildConfiguration;
			buildSettings = {
				ARCHS = arm64;
				COMBINE_HIDPI_IMAGES = YES;
				GCC_GENERATE_DEBUGGING_SYMBOLS = YES;
				GCC_INLINES_ARE_PRIVATE_EXTERN = NO;
				GCC_OPTIMIZATION_LEVEL = 0;
				GCC_PREPROCESSOR_DEFINITIONS = (
					"'CMAKE_INTDIR=\"$(CONFIGURATION)$(EFFECTIVE_PLATFORM_NAME)\"'",
					"$(inherited)",
				);
				GCC_SYMBOLS_PRIVATE_EXTERN = NO;
				INSTALL_PATH = "";
				ONLY_ACTIVE_ARCH = NO;
				OTHER_LDFLAGS = " $(inherited)";
				OTHER_REZFLAGS = "";
				PRODUCT_NAME = ALL_BUILD;
				SECTORDER_FLAGS = "";
				USE_HEADERMAP = NO;
				WARNING_CFLAGS = "$(inherited)";
			};
			name = Debug;
		};
		5D731DB375074231803F7029 /* RelWithDebInfo */ = {
			isa = XCBuildConfiguration;
			buildSettings = {
				ARCHS = arm64;
				COMBINE_HIDPI_IMAGES = YES;
				GCC_GENERATE_DEBUGGING_SYMBOLS = YES;
				GCC_INLINES_ARE_PRIVATE_EXTERN = NO;
				GCC_OPTIMIZATION_LEVEL = 0;
				GCC_PREPROCESSOR_DEFINITIONS = (
					"'CMAKE_INTDIR=\"$(CONFIGURATION)$(EFFECTIVE_PLATFORM_NAME)\"'",
					"$(inherited)",
				);
				GCC_SYMBOLS_PRIVATE_EXTERN = NO;
				INSTALL_PATH = "";
				ONLY_ACTIVE_ARCH = NO;
				OTHER_LDFLAGS = " $(inherited)";
				OTHER_REZFLAGS = "";
				PRODUCT_NAME = ZERO_CHECK;
				SECTORDER_FLAGS = "";
				USE_HEADERMAP = NO;
				WARNING_CFLAGS = "$(inherited)";
			};
			name = RelWithDebInfo;
		};
		6B513E9DC8F445F6AB124123 /* RelWithDebInfo */ = {
			isa = XCBuildConfiguration;
			buildSettings = {
				ARCHS = x86_64;
				SDKROOT = /Library/Developer/CommandLineTools/SDKs/MacOSX13.1.sdk;
				SYMROOT = "/Users/michellekweon/Documents/GitHub/hw01-michellekweonn/build";
			};
			name = RelWithDebInfo;
		};
		6FA220F0102E44A9A3E37F6D /* MinSizeRel */ = {
			isa = XCBuildConfiguration;
			buildSettings = {
				ARCHS = x86_64;
				COMBINE_HIDPI_IMAGES = YES;
				CONFIGURATION_BUILD_DIR = "/Users/michellekweon/Documents/GitHub/hw01-michellekweonn/src/MinSizeRel";
				EXECUTABLE_PREFIX = lib;
				EXECUTABLE_SUFFIX = .a;
				GCC_GENERATE_DEBUGGING_SYMBOLS = NO;
				GCC_INLINES_ARE_PRIVATE_EXTERN = NO;
				GCC_OPTIMIZATION_LEVEL = 0;
				GCC_PREPROCESSOR_DEFINITIONS = (
					"'CMAKE_INTDIR=\"$(CONFIGURATION)$(EFFECTIVE_PLATFORM_NAME)\"'",
					"$(inherited)",
				);
				GCC_SYMBOLS_PRIVATE_EXTERN = NO;
				HEADER_SEARCH_PATHS = (
					"/Users/michellekweon/Documents/GitHub/hw01-michellekweonn/src",
					"$(inherited)",
				);
				INSTALL_PATH = "";
				LIBRARY_STYLE = STATIC;
				ONLY_ACTIVE_ARCH = NO;
				OTHER_CPLUSPLUSFLAGS = "'-std=gnu++11' ";
				OTHER_LIBTOOLFLAGS = "";
				OTHER_REZFLAGS = "";
				PRODUCT_NAME = src;
				SECTORDER_FLAGS = "";
				TARGET_TEMP_DIR = "/Users/michellekweon/Documents/GitHub/hw01-michellekweonn/build/src.build/$(CONFIGURATION)$(EFFECTIVE_PLATFORM_NAME)";
				USE_HEADERMAP = NO;
				WARNING_CFLAGS = "$(inherited)";
			};
			name = MinSizeRel;
		};
		7665054E48844E8CAA3A44F5 /* RelWithDebInfo */ = {
			isa = XCBuildConfiguration;
			buildSettings = {
				ARCHS = x86_64;
				COMBINE_HIDPI_IMAGES = YES;
				CONFIGURATION_BUILD_DIR = "/Users/michellekweon/Documents/GitHub/hw01-michellekweonn/RelWithDebInfo";
				EXECUTABLE_PREFIX = "";
				EXECUTABLE_SUFFIX = "";
				GCC_GENERATE_DEBUGGING_SYMBOLS = NO;
				GCC_INLINES_ARE_PRIVATE_EXTERN = NO;
				GCC_OPTIMIZATION_LEVEL = 0;
				GCC_PREPROCESSOR_DEFINITIONS = (
					"'CMAKE_INTDIR=\"$(CONFIGURATION)$(EFFECTIVE_PLATFORM_NAME)\"'",
					"$(inherited)",
				);
				GCC_SYMBOLS_PRIVATE_EXTERN = NO;
				HEADER_SEARCH_PATHS = (
					"/Users/michellekweon/Documents/GitHub/hw01-michellekweonn/src",
					"$(inherited)",
				);
				INSTALL_PATH = "";
				ONLY_ACTIVE_ARCH = NO;
				OTHER_CPLUSPLUSFLAGS = "'-std=gnu++11' ";
				OTHER_LDFLAGS = (
					"-Wl,-search_paths_first",
					"-Wl,-headerpad_max_install_names",
					"/Users/michellekweon/Documents/GitHub/hw01-michellekweonn/src/RelWithDebInfo/libsrc.a",
					"$(inherited)",
				);
				OTHER_REZFLAGS = "";
				PRODUCT_NAME = main;
				SECTORDER_FLAGS = "";
				TARGET_TEMP_DIR = "/Users/michellekweon/Documents/GitHub/hw01-michellekweonn/build/main.build/$(CONFIGURATION)$(EFFECTIVE_PLATFORM_NAME)";
				USE_HEADERMAP = NO;
				WARNING_CFLAGS = "$(inherited)";
			};
			name = RelWithDebInfo;
		};
		77708B6A9D3B47CEB7A2F94B /* Release */ = {
			isa = XCBuildConfiguration;
			buildSettings = {
				ARCHS = x86_64;
				COMBINE_HIDPI_IMAGES = YES;
				CONFIGURATION_BUILD_DIR = "/Users/michellekweon/Documents/GitHub/hw01-michellekweonn/Release";
				EXECUTABLE_PREFIX = "";
				EXECUTABLE_SUFFIX = "";
				GCC_GENERATE_DEBUGGING_SYMBOLS = NO;
				GCC_INLINES_ARE_PRIVATE_EXTERN = NO;
				GCC_OPTIMIZATION_LEVEL = 0;
				GCC_PREPROCESSOR_DEFINITIONS = (
					"'CMAKE_INTDIR=\"$(CONFIGURATION)$(EFFECTIVE_PLATFORM_NAME)\"'",
					"$(inherited)",
				);
				GCC_SYMBOLS_PRIVATE_EXTERN = NO;
				HEADER_SEARCH_PATHS = (
					"/Users/michellekweon/Documents/GitHub/hw01-michellekweonn/src",
					"$(inherited)",
				);
				INSTALL_PATH = "";
				ONLY_ACTIVE_ARCH = NO;
				OTHER_CPLUSPLUSFLAGS = "'-std=gnu++11' ";
				OTHER_LDFLAGS = (
					"-Wl,-search_paths_first",
					"-Wl,-headerpad_max_install_names",
					"/Users/michellekweon/Documents/GitHub/hw01-michellekweonn/src/Release/libsrc.a",
					"$(inherited)",
				);
				OTHER_REZFLAGS = "";
				PRODUCT_NAME = main;
				SECTORDER_FLAGS = "";
				TARGET_TEMP_DIR = "/Users/michellekweon/Documents/GitHub/hw01-michellekweonn/build/main.build/$(CONFIGURATION)$(EFFECTIVE_PLATFORM_NAME)";
				USE_HEADERMAP = NO;
				WARNING_CFLAGS = "$(inherited)";
			};
			name = Release;
		};
		8CFBBB3B8358435DA60CAB01 /* Release */ = {
			isa = XCBuildConfiguration;
			buildSettings = {
				ARCHS = arm64;
				COMBINE_HIDPI_IMAGES = YES;
				GCC_GENERATE_DEBUGGING_SYMBOLS = YES;
				GCC_INLINES_ARE_PRIVATE_EXTERN = NO;
				GCC_OPTIMIZATION_LEVEL = 0;
				GCC_PREPROCESSOR_DEFINITIONS = (
					"'CMAKE_INTDIR=\"$(CONFIGURATION)$(EFFECTIVE_PLATFORM_NAME)\"'",
					"$(inherited)",
				);
				GCC_SYMBOLS_PRIVATE_EXTERN = NO;
				INSTALL_PATH = "";
				ONLY_ACTIVE_ARCH = NO;
				OTHER_LDFLAGS = " $(inherited)";
				OTHER_REZFLAGS = "";
				PRODUCT_NAME = ZERO_CHECK;
				SECTORDER_FLAGS = "";
				USE_HEADERMAP = NO;
				WARNING_CFLAGS = "$(inherited)";
			};
			name = Release;
		};
		90D2D2B4EB334FBFBE452FD8 /* Release */ = {
			isa = XCBuildConfiguration;
			buildSettings = {
				ARCHS = x86_64;
				SDKROOT = /Library/Developer/CommandLineTools/SDKs/MacOSX13.1.sdk;
				SYMROOT = "/Users/michellekweon/Documents/GitHub/hw01-michellekweonn/build";
			};
			name = Release;
		};
		B70A1803F4804A278791C767 /* Release */ = {
			isa = XCBuildConfiguration;
			buildSettings = {
				ARCHS = arm64;
				COMBINE_HIDPI_IMAGES = YES;
				GCC_GENERATE_DEBUGGING_SYMBOLS = YES;
				GCC_INLINES_ARE_PRIVATE_EXTERN = NO;
				GCC_OPTIMIZATION_LEVEL = 0;
				GCC_PREPROCESSOR_DEFINITIONS = (
					"'CMAKE_INTDIR=\"$(CONFIGURATION)$(EFFECTIVE_PLATFORM_NAME)\"'",
					"$(inherited)",
				);
				GCC_SYMBOLS_PRIVATE_EXTERN = NO;
				INSTALL_PATH = "";
				ONLY_ACTIVE_ARCH = NO;
				OTHER_LDFLAGS = " $(inherited)";
				OTHER_REZFLAGS = "";
				PRODUCT_NAME = ALL_BUILD;
				SECTORDER_FLAGS = "";
				USE_HEADERMAP = NO;
				WARNING_CFLAGS = "$(inherited)";
			};
			name = Release;
		};
		BA2E25AEDE6F467785A5C1BA /* RelWithDebInfo */ = {
			isa = XCBuildConfiguration;
			buildSettings = {
				ARCHS = x86_64;
				COMBINE_HIDPI_IMAGES = YES;
				CONFIGURATION_BUILD_DIR = "/Users/michellekweon/Documents/GitHub/hw01-michellekweonn/src/RelWithDebInfo";
				EXECUTABLE_PREFIX = lib;
				EXECUTABLE_SUFFIX = .a;
				GCC_GENERATE_DEBUGGING_SYMBOLS = NO;
				GCC_INLINES_ARE_PRIVATE_EXTERN = NO;
				GCC_OPTIMIZATION_LEVEL = 0;
				GCC_PREPROCESSOR_DEFINITIONS = (
					"'CMAKE_INTDIR=\"$(CONFIGURATION)$(EFFECTIVE_PLATFORM_NAME)\"'",
					"$(inherited)",
				);
				GCC_SYMBOLS_PRIVATE_EXTERN = NO;
				HEADER_SEARCH_PATHS = (
					"/Users/michellekweon/Documents/GitHub/hw01-michellekweonn/src",
					"$(inherited)",
				);
				INSTALL_PATH = "";
				LIBRARY_STYLE = STATIC;
				ONLY_ACTIVE_ARCH = NO;
				OTHER_CPLUSPLUSFLAGS = "'-std=gnu++11' ";
				OTHER_LIBTOOLFLAGS = "";
				OTHER_REZFLAGS = "";
				PRODUCT_NAME = src;
				SECTORDER_FLAGS = "";
				TARGET_TEMP_DIR = "/Users/michellekweon/Documents/GitHub/hw01-michellekweonn/build/src.build/$(CONFIGURATION)$(EFFECTIVE_PLATFORM_NAME)";
				USE_HEADERMAP = NO;
				WARNING_CFLAGS = "$(inherited)";
			};
			name = RelWithDebInfo;
		};
		C08B16C5750F4848814D71B0 /* MinSizeRel */ = {
			isa = XCBuildConfiguration;
			buildSettings = {
				ARCHS = x86_64;
				COMBINE_HIDPI_IMAGES = YES;
				CONFIGURATION_BUILD_DIR = "/Users/michellekweon/Documents/GitHub/hw01-michellekweonn/MinSizeRel";
				EXECUTABLE_PREFIX = "";
				EXECUTABLE_SUFFIX = "";
				GCC_GENERATE_DEBUGGING_SYMBOLS = NO;
				GCC_INLINES_ARE_PRIVATE_EXTERN = NO;
				GCC_OPTIMIZATION_LEVEL = 0;
				GCC_PREPROCESSOR_DEFINITIONS = (
					"'CMAKE_INTDIR=\"$(CONFIGURATION)$(EFFECTIVE_PLATFORM_NAME)\"'",
					"$(inherited)",
				);
				GCC_SYMBOLS_PRIVATE_EXTERN = NO;
				HEADER_SEARCH_PATHS = (
					"/Users/michellekweon/Documents/GitHub/hw01-michellekweonn/src",
					"$(inherited)",
				);
				INSTALL_PATH = "";
				ONLY_ACTIVE_ARCH = NO;
				OTHER_CPLUSPLUSFLAGS = "'-std=gnu++11' ";
				OTHER_LDFLAGS = (
					"-Wl,-search_paths_first",
					"-Wl,-headerpad_max_install_names",
					"/Users/michellekweon/Documents/GitHub/hw01-michellekweonn/src/MinSizeRel/libsrc.a",
					"$(inherited)",
				);
				OTHER_REZFLAGS = "";
				PRODUCT_NAME = main;
				SECTORDER_FLAGS = "";
				TARGET_TEMP_DIR = "/Users/michellekweon/Documents/GitHub/hw01-michellekweonn/build/main.build/$(CONFIGURATION)$(EFFECTIVE_PLATFORM_NAME)";
				USE_HEADERMAP = NO;
				WARNING_CFLAGS = "$(inherited)";
			};
			name = MinSizeRel;
		};
		C89D809EBD244BD08E865816 /* MinSizeRel */ = {
			isa = XCBuildConfiguration;
			buildSettings = {
				ARCHS = arm64;
				COMBINE_HIDPI_IMAGES = YES;
				GCC_GENERATE_DEBUGGING_SYMBOLS = YES;
				GCC_INLINES_ARE_PRIVATE_EXTERN = NO;
				GCC_OPTIMIZATION_LEVEL = 0;
				GCC_PREPROCESSOR_DEFINITIONS = (
					"'CMAKE_INTDIR=\"$(CONFIGURATION)$(EFFECTIVE_PLATFORM_NAME)\"'",
					"$(inherited)",
				);
				GCC_SYMBOLS_PRIVATE_EXTERN = NO;
				INSTALL_PATH = "";
				ONLY_ACTIVE_ARCH = NO;
				OTHER_LDFLAGS = " $(inherited)";
				OTHER_REZFLAGS = "";
				PRODUCT_NAME = ALL_BUILD;
				SECTORDER_FLAGS = "";
				USE_HEADERMAP = NO;
				WARNING_CFLAGS = "$(inherited)";
			};
			name = MinSizeRel;
		};
		C9A90BF6C3BD4A0EBDDFF66E /* Debug */ = {
			isa = XCBuildConfiguration;
			buildSettings = {
				ARCHS = x86_64;
				COMBINE_HIDPI_IMAGES = YES;
				CONFIGURATION_BUILD_DIR = "/Users/michellekweon/Documents/GitHub/hw01-michellekweonn/tests/Debug";
				EXECUTABLE_PREFIX = "";
				EXECUTABLE_SUFFIX = "";
				GCC_GENERATE_DEBUGGING_SYMBOLS = NO;
				GCC_INLINES_ARE_PRIVATE_EXTERN = NO;
				GCC_OPTIMIZATION_LEVEL = 0;
				GCC_PREPROCESSOR_DEFINITIONS = (
					"'CMAKE_INTDIR=\"$(CONFIGURATION)$(EFFECTIVE_PLATFORM_NAME)\"'",
					"$(inherited)",
				);
				GCC_SYMBOLS_PRIVATE_EXTERN = NO;
				HEADER_SEARCH_PATHS = (
					"/Users/michellekweon/Documents/GitHub/hw01-michellekweonn/src",
					"$(inherited)",
				);
				INSTALL_PATH = "";
				ONLY_ACTIVE_ARCH = NO;
				OTHER_CPLUSPLUSFLAGS = "'-std=gnu++11' ";
				OTHER_LDFLAGS = (
					"-Wl,-search_paths_first",
					"-Wl,-headerpad_max_install_names",
					"/Users/michellekweon/Documents/GitHub/hw01-michellekweonn/src/Debug/libsrc.a",
					"$(inherited)",
				);
				OTHER_REZFLAGS = "";
				PRODUCT_NAME = tests;
				SECTORDER_FLAGS = "";
				TARGET_TEMP_DIR = "/Users/michellekweon/Documents/GitHub/hw01-michellekweonn/build/tests.build/$(CONFIGURATION)$(EFFECTIVE_PLATFORM_NAME)";
				USE_HEADERMAP = NO;
				WARNING_CFLAGS = "$(inherited)";
			};
			name = Debug;
		};
		D24B4204AEFB4AADBDDF9CEA /* MinSizeRel */ = {
			isa = XCBuildConfiguration;
			buildSettings = {
				ARCHS = x86_64;
				SDKROOT = /Library/Developer/CommandLineTools/SDKs/MacOSX13.1.sdk;
				SYMROOT = "/Users/michellekweon/Documents/GitHub/hw01-michellekweonn/build";
			};
			name = MinSizeRel;
		};
		DB7B7B3550424C84955D9A02 /* MinSizeRel */ = {
			isa = XCBuildConfiguration;
			buildSettings = {
				ARCHS = x86_64;
				COMBINE_HIDPI_IMAGES = YES;
				CONFIGURATION_BUILD_DIR = "/Users/michellekweon/Documents/GitHub/hw01-michellekweonn/tests/MinSizeRel";
				EXECUTABLE_PREFIX = "";
				EXECUTABLE_SUFFIX = "";
				GCC_GENERATE_DEBUGGING_SYMBOLS = NO;
				GCC_INLINES_ARE_PRIVATE_EXTERN = NO;
				GCC_OPTIMIZATION_LEVEL = 0;
				GCC_PREPROCESSOR_DEFINITIONS = (
					"'CMAKE_INTDIR=\"$(CONFIGURATION)$(EFFECTIVE_PLATFORM_NAME)\"'",
					"$(inherited)",
				);
				GCC_SYMBOLS_PRIVATE_EXTERN = NO;
				HEADER_SEARCH_PATHS = (
					"/Users/michellekweon/Documents/GitHub/hw01-michellekweonn/src",
					"$(inherited)",
				);
				INSTALL_PATH = "";
				ONLY_ACTIVE_ARCH = NO;
				OTHER_CPLUSPLUSFLAGS = "'-std=gnu++11' ";
				OTHER_LDFLAGS = (
					"-Wl,-search_paths_first",
					"-Wl,-headerpad_max_install_names",
					"/Users/michellekweon/Documents/GitHub/hw01-michellekweonn/src/MinSizeRel/libsrc.a",
					"$(inherited)",
				);
				OTHER_REZFLAGS = "";
				PRODUCT_NAME = tests;
				SECTORDER_FLAGS = "";
				TARGET_TEMP_DIR = "/Users/michellekweon/Documents/GitHub/hw01-michellekweonn/build/tests.build/$(CONFIGURATION)$(EFFECTIVE_PLATFORM_NAME)";
				USE_HEADERMAP = NO;
				WARNING_CFLAGS = "$(inherited)";
			};
			name = MinSizeRel;
		};
		E2608960C7D345198BF7263C /* Release */ = {
			isa = XCBuildConfiguration;
			buildSettings = {
				ARCHS = x86_64;
				COMBINE_HIDPI_IMAGES = YES;
				CONFIGURATION_BUILD_DIR = "/Users/michellekweon/Documents/GitHub/hw01-michellekweonn/src/Release";
				EXECUTABLE_PREFIX = lib;
				EXECUTABLE_SUFFIX = .a;
				GCC_GENERATE_DEBUGGING_SYMBOLS = NO;
				GCC_INLINES_ARE_PRIVATE_EXTERN = NO;
				GCC_OPTIMIZATION_LEVEL = 0;
				GCC_PREPROCESSOR_DEFINITIONS = (
					"'CMAKE_INTDIR=\"$(CONFIGURATION)$(EFFECTIVE_PLATFORM_NAME)\"'",
					"$(inherited)",
				);
				GCC_SYMBOLS_PRIVATE_EXTERN = NO;
				HEADER_SEARCH_PATHS = (
					"/Users/michellekweon/Documents/GitHub/hw01-michellekweonn/src",
					"$(inherited)",
				);
				INSTALL_PATH = "";
				LIBRARY_STYLE = STATIC;
				ONLY_ACTIVE_ARCH = NO;
				OTHER_CPLUSPLUSFLAGS = "'-std=gnu++11' ";
				OTHER_LIBTOOLFLAGS = "";
				OTHER_REZFLAGS = "";
				PRODUCT_NAME = src;
				SECTORDER_FLAGS = "";
				TARGET_TEMP_DIR = "/Users/michellekweon/Documents/GitHub/hw01-michellekweonn/build/src.build/$(CONFIGURATION)$(EFFECTIVE_PLATFORM_NAME)";
				USE_HEADERMAP = NO;
				WARNING_CFLAGS = "$(inherited)";
			};
			name = Release;
		};
		E4DD783EC3BC48F1A1EFA014 /* RelWithDebInfo */ = {
			isa = XCBuildConfiguration;
			buildSettings = {
				ARCHS = x86_64;
				COMBINE_HIDPI_IMAGES = YES;
				CONFIGURATION_BUILD_DIR = "/Users/michellekweon/Documents/GitHub/hw01-michellekweonn/tests/RelWithDebInfo";
				EXECUTABLE_PREFIX = "";
				EXECUTABLE_SUFFIX = "";
				GCC_GENERATE_DEBUGGING_SYMBOLS = NO;
				GCC_INLINES_ARE_PRIVATE_EXTERN = NO;
				GCC_OPTIMIZATION_LEVEL = 0;
				GCC_PREPROCESSOR_DEFINITIONS = (
					"'CMAKE_INTDIR=\"$(CONFIGURATION)$(EFFECTIVE_PLATFORM_NAME)\"'",
					"$(inherited)",
				);
				GCC_SYMBOLS_PRIVATE_EXTERN = NO;
				HEADER_SEARCH_PATHS = (
					"/Users/michellekweon/Documents/GitHub/hw01-michellekweonn/src",
					"$(inherited)",
				);
				INSTALL_PATH = "";
				ONLY_ACTIVE_ARCH = NO;
				OTHER_CPLUSPLUSFLAGS = "'-std=gnu++11' ";
				OTHER_LDFLAGS = (
					"-Wl,-search_paths_first",
					"-Wl,-headerpad_max_install_names",
					"/Users/michellekweon/Documents/GitHub/hw01-michellekweonn/src/RelWithDebInfo/libsrc.a",
					"$(inherited)",
				);
				OTHER_REZFLAGS = "";
				PRODUCT_NAME = tests;
				SECTORDER_FLAGS = "";
				TARGET_TEMP_DIR = "/Users/michellekweon/Documents/GitHub/hw01-michellekweonn/build/tests.build/$(CONFIGURATION)$(EFFECTIVE_PLATFORM_NAME)";
				USE_HEADERMAP = NO;
				WARNING_CFLAGS = "$(inherited)";
			};
			name = RelWithDebInfo;
		};
		F73349505E6A475DA3EAA742 /* Debug */ = {
			isa = XCBuildConfiguration;
			buildSettings = {
				ARCHS = x86_64;
				COMBINE_HIDPI_IMAGES = YES;
				CONFIGURATION_BUILD_DIR = "/Users/michellekweon/Documents/GitHub/hw01-michellekweonn/Debug";
				EXECUTABLE_PREFIX = "";
				EXECUTABLE_SUFFIX = "";
				GCC_GENERATE_DEBUGGING_SYMBOLS = NO;
				GCC_INLINES_ARE_PRIVATE_EXTERN = NO;
				GCC_OPTIMIZATION_LEVEL = 0;
				GCC_PREPROCESSOR_DEFINITIONS = (
					"'CMAKE_INTDIR=\"$(CONFIGURATION)$(EFFECTIVE_PLATFORM_NAME)\"'",
					"$(inherited)",
				);
				GCC_SYMBOLS_PRIVATE_EXTERN = NO;
				HEADER_SEARCH_PATHS = (
					"/Users/michellekweon/Documents/GitHub/hw01-michellekweonn/src",
					"$(inherited)",
				);
				INSTALL_PATH = "";
				ONLY_ACTIVE_ARCH = NO;
				OTHER_CPLUSPLUSFLAGS = "'-std=gnu++11' ";
				OTHER_LDFLAGS = (
					"-Wl,-search_paths_first",
					"-Wl,-headerpad_max_install_names",
					"/Users/michellekweon/Documents/GitHub/hw01-michellekweonn/src/Debug/libsrc.a",
					"$(inherited)",
				);
				OTHER_REZFLAGS = "";
				PRODUCT_NAME = main;
				SECTORDER_FLAGS = "";
				TARGET_TEMP_DIR = "/Users/michellekweon/Documents/GitHub/hw01-michellekweonn/build/main.build/$(CONFIGURATION)$(EFFECTIVE_PLATFORM_NAME)";
				USE_HEADERMAP = NO;
				WARNING_CFLAGS = "$(inherited)";
			};
			name = Debug;
		};
		FE0814B54E6E4E09BE7B850D /* Debug */ = {
			isa = XCBuildConfiguration;
			buildSettings = {
				ARCHS = arm64;
				COMBINE_HIDPI_IMAGES = YES;
				GCC_GENERATE_DEBUGGING_SYMBOLS = YES;
				GCC_INLINES_ARE_PRIVATE_EXTERN = NO;
				GCC_OPTIMIZATION_LEVEL = 0;
				GCC_PREPROCESSOR_DEFINITIONS = (
					"'CMAKE_INTDIR=\"$(CONFIGURATION)$(EFFECTIVE_PLATFORM_NAME)\"'",
					"$(inherited)",
				);
				GCC_SYMBOLS_PRIVATE_EXTERN = NO;
				INSTALL_PATH = "";
				ONLY_ACTIVE_ARCH = NO;
				OTHER_LDFLAGS = " $(inherited)";
				OTHER_REZFLAGS = "";
				PRODUCT_NAME = ZERO_CHECK;
				SECTORDER_FLAGS = "";
				USE_HEADERMAP = NO;
				WARNING_CFLAGS = "$(inherited)";
			};
			name = Debug;
		};
/* End XCBuildConfiguration section */

/* Begin XCConfigurationList section */
		0B9EC9EA835C4673A1C3B578 /* Build configuration list for PBXProject "HW01" */ = {
			isa = XCConfigurationList;
			buildConfigurations = (
				3BEBE88A49FB41BBBB490577 /* Debug */,
				90D2D2B4EB334FBFBE452FD8 /* Release */,
				D24B4204AEFB4AADBDDF9CEA /* MinSizeRel */,
				6B513E9DC8F445F6AB124123 /* RelWithDebInfo */,
			);
			defaultConfigurationIsVisible = 0;
			defaultConfigurationName = Debug;
		};
		422368FB7E8A412C939B9931 /* Build configuration list for PBXNativeTarget "tests" */ = {
			isa = XCConfigurationList;
			buildConfigurations = (
				C9A90BF6C3BD4A0EBDDFF66E /* Debug */,
				2642568058A542D29884E2ED /* Release */,
				DB7B7B3550424C84955D9A02 /* MinSizeRel */,
				E4DD783EC3BC48F1A1EFA014 /* RelWithDebInfo */,
			);
			defaultConfigurationIsVisible = 0;
			defaultConfigurationName = Debug;
		};
		52E18072962C40B7A253BFBE /* Build configuration list for PBXNativeTarget "main" */ = {
			isa = XCConfigurationList;
			buildConfigurations = (
				F73349505E6A475DA3EAA742 /* Debug */,
				77708B6A9D3B47CEB7A2F94B /* Release */,
				C08B16C5750F4848814D71B0 /* MinSizeRel */,
				7665054E48844E8CAA3A44F5 /* RelWithDebInfo */,
			);
			defaultConfigurationIsVisible = 0;
			defaultConfigurationName = Debug;
		};
		638473DF7C1B4011B615D00A /* Build configuration list for PBXAggregateTarget "ALL_BUILD" */ = {
			isa = XCConfigurationList;
			buildConfigurations = (
				50F9249B2EBC4DDDAF98F31C /* Debug */,
				B70A1803F4804A278791C767 /* Release */,
				C89D809EBD244BD08E865816 /* MinSizeRel */,
				2B663D618BE04A869BD1B31D /* RelWithDebInfo */,
			);
			defaultConfigurationIsVisible = 0;
			defaultConfigurationName = Debug;
		};
		89C1FF204E0D4BC58EAC20CC /* Build configuration list for PBXAggregateTarget "ZERO_CHECK" */ = {
			isa = XCConfigurationList;
			buildConfigurations = (
				FE0814B54E6E4E09BE7B850D /* Debug */,
				8CFBBB3B8358435DA60CAB01 /* Release */,
				2D0847B3EA5A499395348B53 /* MinSizeRel */,
				5D731DB375074231803F7029 /* RelWithDebInfo */,
			);
			defaultConfigurationIsVisible = 0;
			defaultConfigurationName = Debug;
		};
		8A07D65C6F37439E8E3517A3 /* Build configuration list for PBXNativeTarget "src" */ = {
			isa = XCConfigurationList;
			buildConfigurations = (
				45913CB8F17F49C19DC24A43 /* Debug */,
				E2608960C7D345198BF7263C /* Release */,
				6FA220F0102E44A9A3E37F6D /* MinSizeRel */,
				BA2E25AEDE6F467785A5C1BA /* RelWithDebInfo */,
			);
			defaultConfigurationIsVisible = 0;
			defaultConfigurationName = Debug;
		};
/* End XCConfigurationList section */
	};
	rootObject = 1FDABE7C526F4146A53E18DD /* Project object */;
}
